
Microsoft Visual Studio Solution File, Format Version 12.00
# Visual Studio 15
VisualStudioVersion = 15.0.27004.2005
MinimumVisualStudioVersion = 10.0.40219.1
Project("{FAE04EC0-301F-11D3-BF4B-00C04F79EFBC}") = "画像を挿入する", "画像を挿入する\画像を挿入する.csproj", "{857EBE2A-2E60-470A-B90B-89A0CA4DC260}"
EndProject
Global
	GlobalSection(SolutionConfigurationPlatforms) = preSolution
		Debug|Any CPU = Debug|Any CPU
		Debug|x64 = Debug|x64
		Release|Any CPU = Release|Any CPU
		Release|x64 = Release|x64
	EndGlobalSection
	GlobalSection(ProjectConfigurationPlatforms) = postSolution
		{857EBE2A-2E60-470A-B90B-89A0CA4DC260}.Debug|Any CPU.ActiveCfg = Debug|Any CPU
		{857EBE2A-2E60-470A-B90B-89A0CA4DC260}.Debug|Any CPU.Build.0 = Debug|Any CPU
		{857EBE2A-2E60-470A-B90B-89A0CA4DC260}.Debug|x64.ActiveCfg = Debug|x64
		{857EBE2A-2E60-470A-B90B-89A0CA4DC260}.Debug|x64.Build.0 = Debug|x64
		{857EBE2A-2E60-470A-B90B-89A0CA4DC260}.Release|Any CPU.ActiveCfg = Release|Any CPU
		{857EBE2A-2E60-470A-B90B-89A0CA4DC260}.Release|Any CPU.Build.0 = Release|Any CPU
		{857EBE2A-2E60-470A-B90B-89A0CA4DC260}.Release|x64.ActiveCfg = Release|x64
		{857EBE2A-2E60-470A-B90B-89A0CA4DC260}.Release|x64.Build.0 = Release|x64
	EndGlobalSection
	GlobalSection(SolutionProperties) = preSolution
		HideSolutionNode = FALSE
	EndGlobalSection
	GlobalSection(ExtensibilityGlobals) = postSolution
		SolutionGuid = {93B14F21-76DC-4A25-8D85-46FF9C4A4A1D}
	EndGlobalSection
EndGlobal
